lockfileVersion: '9.0'

settings:
  autoInstallPeers: true
  excludeLinksFromLockfile: false

importers:

  .:
    devDependencies:
      '@commitlint/cli':
        specifier: ^21.2.2
        version: 21.2.2(@types/node@26.4.0)(conventional-commits-parser@7.1.2)(typescript@7.0.2)
      '@commitlint/config-conventional':
        specifier: ^19.8.1
        version: 19.8.1
      '@prettier/plugin-php':
        specifier: ^0.25.0
        version: 0.25.0(prettier@3.9.6)
      clang-format:
        specifier: ^1.8.0
        version: 1.8.0
      husky:
        specifier: ^9.1.7
        version: 9.1.7
      lint-staged:
        specifier: ^17.4.1
        version: 17.4.1
      prettier:
        specifier: ^3.9.6
        version: 3.9.6
      prettier-plugin-sql-cst:
        specifier: ^0.22.1
        version: 0.22.1

packages:

  '@babel/code-frame@7.29.7':
    resolution: {integrity: sha512-Aup7aUOfpbAUg2ROOJN6Iw5f9DMBlzu0mIkm/malLQFN/YQgO48wCj0Kxa3sEHJvPVFg7siR+qRInwXd2qhQKw==}
    engines: {node: '>=6.9.0'}

  '@babel/helper-validator-identifier@7.29.7':
    resolution: {integrity: sha512-qehxGkRj55h/ff8EMaJ+cYhyaKlHIxqYDn682wQD7RNp9UujOQsHog2uS0r2vzr4pW+sXf90NeeayjcNaX3fFg==}
    engines: {node: '>=6.9.0'}

  '@commitlint/cli@21.2.2':
    resolution: {integrity: sha512-a+6hQxIxnpdvSvS2apvttPNbEliYsVC3PqFYDiiB2kjbwIsQsj1urvQ4Tkf70pKYozPalKAuRQmm/GHwndduqA==}
    engines: {node: '>=22.12.0'}
    hasBin: true

  '@commitlint/config-conventional@19.8.1':
    resolution: {integrity: sha512-/AZHJL6F6B/G959CsMAzrPKKZjeEiAVifRyEwXxcT6qtqbPwGw+iQxmNS+Bu+i09OCtdNRW6pNpBvgPrtMr9EQ==}
    engines: {node: '>=v18'}

  '@commitlint/config-conventional@21.2.2':
    resolution: {integrity: sha512-NxA37SZviusFUEYOQZ5hNnZ1h7O/KiemPkxjOlpzKJNnWxThiwc6/SaZhaPa8fyLvfRBAywhQhJJk8XESHWlpQ==}
    engines: {node: '>=22.12.0'}

  '@commitlint/config-validator@21.2.0':
    resolution: {integrity: sha512-t7AzNHAKeIdo/3NRGwzpufKHsKkPHmFs/56N2Fnsh0/r0rGtnQzTxk6vnFgjaGr4hdSQKNB50/KAhR9Yk4LJKA==}
    engines: {node: '>=22.12.0'}

  '@commitlint/ensure@21.2.0':
    resolution: {integrity: sha512-76IF9vDNS13lAzEEik9eKwzt8f9hYhWiwVXZ2AnyLCz5/f511FsEQ3pw1X3/zSQpdRLQU7i5qDMVKyXi1GWjSg==}
    engines: {node: '>=22.12.0'}

  '@commitlint/execute-rule@21.0.1':
    resolution: {integrity: sha512-RifH+FmImozKBE6mozhF4K3r2RRKP7SMi/Q/zLCmExtp5e05lhHOUYqGBlFBAGNHaZxU/WYw1XuugYK9jQzqnA==}
    engines: {node: '>=22.12.0'}

  '@commitlint/format@21.2.2':
    resolution: {integrity: sha512-v6fvxZSc/AvVMROlr3H34+1766bZSYApRUSCAMjWamStPjKMvZ8GdvVA5YW/VQNgbFTmcMz6OYmSTJEvIjPrfA==}
    engines: {node: '>=22.12.0'}

  '@commitlint/is-ignored@21.2.2':
    resolution: {integrity: sha512-9UoKNgfFE3LU7FrzierCvk3CdDfMDeVGC86qZiT/n0TIjfq/dmZ9MHuXd45OTNRa26ZanmJRxEtmiXk/lEJihg==}
    engines: {node: '>=22.12.0'}

  '@commitlint/lint@21.2.2':
    resolution: {integrity: sha512-Fy8JxEBzdmsYWFude/61GxXu5O+wEymwiRK2z9GL9R8mCsXphCoGxAFc5iHn5mjlfcSrhiiONE+ksf4KOjnaPg==}
    engines: {node: '>=22.12.0'}

  '@commitlint/load@21.2.2':
    resolution: {integrity: sha512-0Tt6wDPX167cjKC5D4zhm0+20wJJG+TN/TKovMOspfSe78rOnKX+MNzlVNiu6HyQPZChPJ8QBH31MVt6Bb8fCg==}
    engines: {node: '>=22.12.0'}

  '@commitlint/message@21.2.0':
    resolution: {integrity: sha512-YxGoiXD/HXNXLJPrQwE5poXa+XH0CBEm+mdvbHQP0g6MV/dmJyUFCzPNzZbxL93GvZ70TmtTK0Z0/IBpAqHv8g==}
    engines: {node: '>=22.12.0'}

  '@commitlint/parse@21.2.2':
    resolution: {integrity: sha512-MEkobPfvRp+z06Wro8HMG1BDGHzZmj82A1LH1nWeG3ipHpg/x4m6v3wEDvMBIKjRFUnfR3nBeFs3MVCr7UdAmg==}
    engines: {node: '>=22.12.0'}

  '@commitlint/read@21.2.1':
    resolution: {integrity: sha512-hUW7EJQnNTL0vPOmVMNK4CrnrNBN0nN+JJHReFkdHO5y4iyHeEmTBwuC15OCqUTjxWo7idnH1LftfpWVIaPWIA==}
    engines: {node: '>=22.12.0'}

  '@commitlint/resolve-extends@21.2.2':
    resolution: {integrity: sha512-RPkJ/IFi7sMUUVbZLqwWFtWw/zRDcfFsmrPSiTMrt5wb7AdxOr86EGQFvmGzef5QKV5IPBWWCujqVTw1RWX44A==}
    engines: {node: '>=22.12.0'}

  '@commitlint/rules@21.2.2':
    resolution: {integrity: sha512-eplQzyYkBjYB1HyyRj8hkcK11Y9DU9nuBz7uOKEd6NpE9NGDytLFCAnlRE+OoiK/5sHEJsaz2RGhuWBvYzIbNA==}
    engines: {node: '>=22.12.0'}

  '@commitlint/to-lines@21.0.1':
    resolution: {integrity: sha512-bd1BFII7p1EQZre9Kaj+kKaMFP3cFCdt21K7DItVux9XP5WjLgJ0/Uy1pJJh9aPwVJ6SKg62PxqlZaHI8hQAXw==}
    engines: {node: '>=22.12.0'}

  '@commitlint/top-level@21.2.0':
    resolution: {integrity: sha512-Y5gmQ+KxzqCrBFJfLvFEPvvwD3LDiNZoTT2yeFBm96M8qhmqSzQc5DvX3rheAaAMjyIvMXOCLS/mWfdpONsjyQ==}
    engines: {node: '>=22.12.0'}

  '@commitlint/types@19.8.1':
    resolution: {integrity: sha512-/yCrWGCoA1SVKOks25EGadP9Pnj0oAIHGpl2wH2M2Y46dPM2ueb8wyCVOD7O3WCTkaJ0IkKvzhl1JY7+uCT2Dw==}
    engines: {node: '>=v18'}

  '@commitlint/types@21.2.0':
    resolution: {integrity: sha512-7zVFCDB2reMvJH5dmbKnOQPjZEvjdJTH8jc0U/PIPU1r3/+vf5pD1HlfitV2MWsWXrvu7u39iY1lyLUPOaN0Gw==}
    engines: {node: '>=22.12.0'}

  '@conventional-changelog/git-client@3.1.2':
    resolution: {integrity: sha512-jZqwnJwf7nboIlAcw/mkOjVa6DexCcUOgT2oOQgkoi3z9vR8tGFkcMy2BFcYwjhL9sYcDDXkRQDayiDieCoW7A==}
    engines: {node: '>=22'}
    peerDependencies:
      conventional-commits-filter: ^6.0.1
      conventional-commits-parser: ^7.1.2
    peerDependenciesMeta:
      conventional-commits-filter:
        optional: true
      conventional-commits-parser:
        optional: true

  '@conventional-changelog/template@1.4.0':
    resolution: {integrity: sha512-aalGyl7dbB5PArRebDIX43ZvBlXrYm9uWzGJ26t+4SzJVPsOuvfILGGbw5X4yX7i50YEmJ8zvbiWnqH/AAnZqg==}
    engines: {node: '>=22'}

  '@prettier/plugin-php@0.25.0':
    resolution: {integrity: sha512-hi0NhucbspYqw5pZYKywEk5CxsBwA0pBcG6K08AZw7OQDoUm4Hhbxql7z/SzQGeTRHqak5PwDnVNgttZiZdrlg==}
    peerDependencies:
      prettier: ^3.0.0

  '@simple-libs/child-process-utils@2.0.0':
    resolution: {integrity: sha512-dvNoRKLijXnD0XoJAz94pbNuB5GQgDr55UhpSPhffDkTT0Cmcqh9jSCOtwfT2d4H6MI9E7c4SgtMuJXZ6F3c6A==}
    engines: {node: '>=22'}

  '@simple-libs/stream-utils@2.0.0':
    resolution: {integrity: sha512-fCTuZK4QBa+39Oz9l4OGfJfz+GpwCp3AqO7Zch3to99xHPgstVsRFpeQ8LNd2o1Gv8raL2mCFwiaHh7bFSp5DQ==}
    engines: {node: '>=22'}

  '@types/conventional-commits-parser@5.0.2':
    resolution: {integrity: sha512-BgT2szDXnVypgpNxOK8aL5SGjUdaQbC++WZNjF1Qge3Og2+zhHj+RWhmehLhYyvQwqAmvezruVfOf8+3m74W+g==}

  '@types/node@26.4.0':
    resolution: {integrity: sha512-faiGnoIrLH/V8cibOMEAZ8pMw6oXqSukl29ra4mN8GdaB2ZewzeaLj+INpV5N+Z1eKWzY+IzaIZH2EIR6YZRNQ==}

  '@typescript/typescript-aix-ppc64@7.0.2':
    resolution: {integrity: sha512-MTKKkWB7p/0E9xi1d1tHtZ5PiLkGEMIq88pK2CubZjOsLtYTLqhgIgi6zepFa+9GHZ6h05NMCkQxGKiPXMxXtQ==}
    engines: {node: '>=16.20.0'}
    cpu: [ppc64]
    os: [aix]

  '@typescript/typescript-darwin-arm64@7.0.2':
    resolution: {integrity: sha512-gowzar9MwS/aRWp6f3a4KUqzRjAZjOsmGNCM6LcTgXum+dBfgsBVMN+AgvOCCbguXyick6LJhpBszxMebJ8syA==}
    engines: {node: '>=16.20.0'}
    cpu: [arm64]
    os: [darwin]

  '@typescript/typescript-darwin-x64@7.0.2':
    resolution: {integrity: sha512-SZ9xZInqApNlNGc9s0W1VSsktYSOe9cFqNOIqmN1Gs8SmkjKZYFt017G4VwPxASInODuAdbTW7sXiFUf893RgA==}
    engines: {node: '>=16.20.0'}
    cpu: [x64]
    os: [darwin]

  '@typescript/typescript-freebsd-arm64@7.0.2':
    resolution: {integrity: sha512-W5NH4y/J0plIIS5b2xvTEkU7JFxyqdMAOgf+Ilhl0vHQXKO5dZoxd+C/jEtq56c4F3wk71RB4BMRQ2XdI+bwYQ==}
    engines: {node: '>=16.20.0'}
    cpu: [arm64]
    os: [freebsd]

  '@typescript/typescript-freebsd-x64@7.0.2':
    resolution: {integrity: sha512-UMGDx5sTpzNw3WiPebH7l90IWfJggEd+egHt/q6p7/Cm3zqoV7VxkGXt+3DxPIw8CcmvAB0j3sVVfbhX+M4Tpw==}
    engines: {node: '>=16.20.0'}
    cpu: [x64]
    os: [freebsd]

  '@typescript/typescript-linux-arm64@7.0.2':
    resolution: {integrity: sha512-Qh4eU4/y3yDjnfjjyPYihMj5/ODIlmt+Bzu17OI+fiSRDW57QmU5SiN63exPRNJPKUzcc1INa1NXdrJ+MqHjUQ==}
    engines: {node: '>=16.20.0'}
    cpu: [arm64]
    os: [linux]

  '@typescript/typescript-linux-arm@7.0.2':
    resolution: {integrity: sha512-gffT3xPz9sR7j/YJExkyPntrI0P2EP9XbOyWzth2/Gs0RstK+90RBcO0ncXoXy/beYll1SXw846Nf2zdnEz0QQ==}
    engines: {node: '>=16.20.0'}
    cpu: [arm]
    os: [linux]

  '@typescript/typescript-linux-loong64@7.0.2':
    resolution: {integrity: sha512-uEHck9i8hoAzXPiYRib1O7miOnz23SxIeVl6F4LXox+qov1K35jHcEW6VHKvZI+pyvl7fZEP4MCU5LYvIq1GuQ==}
    engines: {node: '>=16.20.0'}
    cpu: [loong64]
    os: [linux]

  '@typescript/typescript-linux-mips64el@7.0.2':
    resolution: {integrity: sha512-R4KvAMnE43W5Qeqb0Ly56O3mWMWIAgsMyz36DCaycd5nbg/9kzm0liw3JocfRqyJY0KPmzFjbswozXyW0DnIYA==}
    engines: {node: '>=16.20.0'}
    cpu: [mips64el]
    os: [linux]

  '@typescript/typescript-linux-ppc64@7.0.2':
    resolution: {integrity: sha512-DORx5b3sd/4S7eayxm4FQv+A7CrkUIGRaHiwI8oiHTAI1fAPWhF4J0vAlkC8biAlHSVVwxMQ3tjZ2/DVbnQiiA==}
    engines: {node: '>=16.20.0'}
    cpu: [ppc64]
    os: [linux]

  '@typescript/typescript-linux-riscv64@7.0.2':
    resolution: {integrity: sha512-wf0jqEDOjrPRnKwYRyyJDRo11KMbvMFrU+q4zqKyChODBzvlkbhNQfKvLxQCcwTpdDaXSHZTVuh0JoCrKCUMHQ==}
    engines: {node: '>=16.20.0'}
    cpu: [riscv64]
    os: [linux]

  '@typescript/typescript-linux-s390x@7.0.2':
    resolution: {integrity: sha512-IkwJc3L7yhytWd/ewjyxNDfOmswCm9GWMJT/ue/dU4aZNbwZeYAetq42VyLmsmSjvoX7z74X6ZaYCtzAr0EuGw==}
    engines: {node: '>=16.20.0'}
    cpu: [s390x]
    os: [linux]

  '@typescript/typescript-linux-x64@7.0.2':
    resolution: {integrity: sha512-EYdf2cNg7rgCWJnxCdJ+F3V39O8ihb37eHAu1LK8oAFizgTQbPOK7zHHXbPt8rX24COqODXeI3sIf0fCXG7H/A==}
    engines: {node: '>=16.20.0'}
    cpu: [x64]
    os: [linux]

  '@typescript/typescript-netbsd-arm64@7.0.2':
    resolution: {integrity: sha512-+polYF4MF04aPpO5FTkHran9yUQDSXqy5GiSDKpsll5jy3l3+g9QLhpf39T+ePtefhXLOGrLl0QIjkQP6VnelA==}
    engines: {node: '>=16.20.0'}
    cpu: [arm64]
    os: [netbsd]

  '@typescript/typescript-netbsd-x64@7.0.2':
    resolution: {integrity: sha512-8YIT0EHM/3dq10ZOVF/A7pc/YSMtbcecct4rWtexrnSCHOPcpC2KTLXfTCR6vDpnSiY12heNb1GiN/wu+T/FyA==}
    engines: {node: '>=16.20.0'}
    cpu: [x64]
    os: [netbsd]

  '@typescript/typescript-openbsd-arm64@7.0.2':
    resolution: {integrity: sha512-APT8+ClYnuYm1u9+kgGXoMj2VzWzcymwh2gNSQVySHfkRDGOTVkoWLjCmOQSaO+PoqQ57B0flRp9SA+7GnnkzQ==}
    engines: {node: '>=16.20.0'}
    cpu: [arm64]
    os: [openbsd]

  '@typescript/typescript-openbsd-x64@7.0.2':
    resolution: {integrity: sha512-yX7s+Q0Dln0Dt9tEzZsAjXXR/+ytBM7AlglaqyeMPxQszJ1JhlJdZ6jLA+IzldHtflX81em7lDao1xXu+aRRkg==}
    engines: {node: '>=16.20.0'}
    cpu: [x64]
    os: [openbsd]

  '@typescript/typescript-sunos-x64@7.0.2':
    resolution: {integrity: sha512-dLJDGaLZ1D4HPQn62u1n8mBDkJREwMsAkCdkwd4Ieqw+x3TUyTsqY0YiBCtE6H6OzzgGk3iuZ3vFWRS+E8/d1g==}
    engines: {node: '>=16.20.0'}
    cpu: [x64]
    os: [sunos]

  '@typescript/typescript-win32-arm64@7.0.2':
    resolution: {integrity: sha512-Gyl1Vy6OsWesLzmq+EP0Fb7b4Nid5232AvcA2SFcdYreldpNtYFFofPjnt62y9hQy7VTaZp65ICJjuAQRaVcIQ==}
    engines: {node: '>=16.20.0'}
    cpu: [arm64]
    os: [win32]

  '@typescript/typescript-win32-x64@7.0.2':
    resolution: {integrity: sha512-0BQ3HkAHHlKLSp1qRvf3SUhGpGsDuhB/jgFw75guyqbxJqEaS0Cw/VFO8i2nHglJUzQCRtMMR/IBAKE3ETMC4g==}
    engines: {node: '>=16.20.0'}
    cpu: [x64]
    os: [win32]

  ajv@8.20.0:
    resolution: {integrity: sha512-Thbli+OlOj+iMPYFBVBfJ3OmCAnaSyNn4M1vz9T6Gka5Jt9ba/HIR56joy65tY6kx/FCF5VXNB819Y7/GUrBGA==}

  ansi-regex@6.3.0:
    resolution: {integrity: sha512-WpDfL7NO6j7tH88IDBNVdUJxDh9nmCteAVW9dsep846XdwF4naCBK+/tGLX3KJgcpgMRXCFlTM2hKGoK9FsdrQ==}
    engines: {node: '>=12'}

  ansi-styles@6.2.3:
    resolution: {integrity: sha512-4Dj6M28JB+oAH8kFkTLUo+a2jwOFkuqb3yucU0CANcRRUbxS0cP0nZYCGjcc3BNXwRIsUVmDGgzawme7zvJHvg==}
    engines: {node: '>=12'}

  argparse@2.0.1:
    resolution: {integrity: sha512-8+9WqebbFzpX9OR+Wa6O29asIogeRMzcGtAINdpMHHyAg10f05aSFVBbcEqGf/PXw1EjAZ+q2/bEBg3DvurK3Q==}

  argue-cli@3.1.0:
    resolution: {integrity: sha512-DhBpBfXL4SS2uC0N922MMajKR3CdrTG0u2or1PNYgXMsrSzViJrbtvT0nCLlLGUI0plam/ZZCs7aAauHtW9thw==}
    engines: {node: '>=22'}

  array-ify@1.0.0:
    resolution: {integrity: sha512-c5AMf34bKdvPhQ7tBGhqkgKNUzMr4WUs+WDtC2ZUGOUncbxKMTvqxYctiseW3+L4bA8ec+GcZ6/A/FW4m8ukng==}

  async@3.2.6:
    resolution: {integrity: sha512-htCUDlxyyCLMgaM3xXg0C0LW2xqfuQ6p05pCEIsXuyQ+a1koYKTuBMzRNwmybfLgvJDMd0r1LTn4+E0Ti6C2AA==}

  balanced-match@1.0.2:
    resolution: {integrity: sha512-3oSeUO0TMV67hN1AmbXsK4yaqU7tjiHlbxRDZOpH0KW9+CeX4bRAaX0Anxt0tx2MrpRpWwQaPwIlISEJhYU5Pw==}

  brace-expansion@1.1.18:
    resolution: {integrity: sha512-Edep/X9fGqVNmzKBVsDYIOtD+z1tuezV70LBjdCst9Tqu76lsnvRiZ6oTic1n+/BIwX6QDGAO94PN4N2SADvtw==}

  callsites@3.1.0:
    resolution: {integrity: sha512-P8BjAsXvZS+VIDUI11hHCQEv74YT67YUi5JJFNWIqL235sBmjX4+qx9Muvls5ivyNENctx46xQLQ3aTuE7ssaQ==}
    engines: {node: '>=6'}

  chalk@5.6.2:
    resolution: {integrity: sha512-7NzBL0rN6fMUW+f7A6Io4h40qQlG+xGmtMxfbnH/K7TAtt8JQWVQK+6g0UXKMeVJoyV5EkkNsErQ8pVD3bLHbA==}
    engines: {node: ^12.17.0 || ^14.13 || >=16.0.0}

  clang-format@1.8.0:
    resolution: {integrity: sha512-pK8gzfu55/lHzIpQ1givIbWfn3eXnU7SfxqIwVgnn5jEM6j4ZJYjpFqFs4iSBPNedzRMmfjYjuQhu657WAXHXw==}
    hasBin: true

  cliui@9.0.1:
    resolution: {integrity: sha512-k7ndgKhwoQveBL+/1tqGJYNz097I7WOvwbmmU2AR5+magtbjPWQTS1C5vzGkBC8Ym8UWRzfKUzUUqFLypY4Q+w==}
    engines: {node: '>=20'}

  compare-func@2.0.0:
    resolution: {integrity: sha512-zHig5N+tPWARooBnb0Zx1MFcdfpyJrfTJ3Y5L+IFvUm8rM74hHz66z0gw0x4tijh5CorKkKUCnW82R2vmpeCRA==}

  concat-map@0.0.1:
    resolution: {integrity: sha512-/Srv4dswyQNBfohGpz9o6Yb3Gz3SrUDqBH5rTuhGR7ahtlbYKnVxw2bCFMRljaA7EXHaXZ8wsHdodFvbkhKmqg==}

  conventional-changelog-angular@9.4.0:
    resolution: {integrity: sha512-HdxRxuS8bBXVIuo4V82gvSwAXT0vYQUizrjs/izmPg5JdDstr8v8I5hduGL3iQbG+o310dUDxC4+LetuS5hu9w==}
    engines: {node: '>=22'}

  conventional-changelog-conventionalcommits@10.4.0:
    resolution: {integrity: sha512-Rriac6ZrAlVm6cy9Bz4NSp+WMHpwNXoPIYex+HjCgduAVUSbnew29DQjQw0C4g9u3HtSYzGiGY+pdBXAZo+4aA==}
    engines: {node: '>=22'}

  conventional-changelog-conventionalcommits@7.0.2:
    resolution: {integrity: sha512-NKXYmMR/Hr1DevQegFB4MwfM5Vv0m4UIxKZTTYuD98lpTknaZlSRrDOG4X7wIXpGkfsYxZTghUN+Qq+T0YQI7w==}
    engines: {node: '>=16'}

  conventional-commits-parser@7.1.2:
    resolution: {integrity: sha512-O+x4N2yH+ijvqWlIyTHsXTAP+algNWgGbjY2duCe8w2vUMvUB95cLRslCPfTMQyLAKlet3bhZTdu6ozn4M+QJQ==}
    engines: {node: '>=22'}
    hasBin: true

  cosmiconfig-typescript-loader@6.3.0:
    resolution: {integrity: sha512-Akr82WH1Wfqatyiqpj8HDkO2o2KmJRu1FhKfSNJP3K4IdXwHfEyL7MOb62i1AGQVLtIQM+iCE9CGOtrfhR+mmA==}
    engines: {node: '>=v18'}
    peerDependencies:
      '@types/node': '*'
      cosmiconfig: '>=9'
      typescript: '>=5'

  cosmiconfig@9.0.2:
    resolution: {integrity: sha512-gtTZxTDau1wL7Y7zifc2dd8jHSK/k6BTx/2Xp/BpdlAdnlYWFVt7qhJqgwi7637yRwRQ3qL4ZidbB4I8tA5VOg==}
    engines: {node: '>=14'}
    peerDependencies:
      typescript: '>=4.9.5'
    peerDependenciesMeta:
      typescript:
        optional: true

  dot-prop@5.3.0:
    resolution: {integrity: sha512-QM8q3zDe58hqUqjraQOmzZ1LIH9SWQJTlEKCH4kJ2oQvLZk7RbQXvtDM2XEq3fwkV9CCvvH4LA0AV+ogFsBM2Q==}
    engines: {node: '>=8'}

  emoji-regex@10.6.0:
    resolution: {integrity: sha512-toUI84YS5YmxW219erniWD0CIVOo46xGKColeNQRgOzDorgBi1v4D71/OFzgD9GO2UGKIv1C3Sp8DAn0+j5w7A==}

  env-paths@2.2.1:
    resolution: {integrity: sha512-+h1lkLKhZMTYjog1VEpJNG7NZJWcuc2DDk/qsqSTRRCOXiLjeQ1d1/udrUGhqMxUgAlwKNZ0cf2uqan5GLuS2A==}
    engines: {node: '>=6'}

  error-ex@1.3.4:
    resolution: {integrity: sha512-sqQamAnR14VgCr1A618A3sGrygcpK+HEbenA/HiEAkkUwcZIIB/tgWqHFxWgOyDh4nB4JCRimh79dR5Ywc9MDQ==}

  es-errors@1.3.0:
    resolution: {integrity: sha512-Zf5H2Kxt2xjTvbJvP2ZWLEICxA6j+hAmMzIlypy4xcBg1vKVnx89Wy0GbS+kf5cwCVFFzdCFh2XSCFNULS6csw==}
    engines: {node: '>= 0.4'}

  es-toolkit@1.52.0:
    resolution: {integrity: sha512-XTNEJQh1tY1ZJVcf6ayP/2n4ZPyaHlW2FWs7xvw5ddPuhUVjLD3olQVQS7kf58JbAB48iL0uL/jerTrjtV3lDA==}

  escalade@3.2.0:
    resolution: {integrity: sha512-WUj2qlxaQtO4g6Pq5c29GTcWGDyd8itL8zTlipgECz3JesAiiOKotd8JU6otB3PACgG6xkJUyVhboMS+bje/jA==}
    engines: {node: '>=6'}

  fast-deep-equal@3.1.3:
    resolution: {integrity: sha512-f3qQ9oQy9j2AhBe/H9VC91wLmKBCCU/gDOnKNAYG5hswO7BLKj09Hc5HYNz9cGI++xlpDCIgDaitVs03ATR84Q==}

  fast-uri@3.1.6:
    resolution: {integrity: sha512-7Ical1vFEMr0onbVzEDIreM22I4khW+fzyQPwvAFWBp1iwdshSZRsL4jjRvPG9JP1uiqMHRto+YU6R2/CzDz5Q==}

  fs.realpath@1.0.0:
    resolution: {integrity: sha512-OO0pH2lK6a0hZnAdau5ItzHPI6pUlvI7jMVnxUQRtw4owF2wk8lOSabtGDCTP4Ggrg2MbGnWO9X8K1t4+fGMDw==}

  function-bind@1.1.2:
    resolution: {integrity: sha512-7XHNxH7qX9xG5mIwxkhumTox/MIRNcOgDrxWsMt2pAr23WHp6MrRlN7FBSFpCpr+oVO0F744iUgR82nJMfG2SA==}

  get-caller-file@2.0.5:
    resolution: {integrity: sha512-DyFP3BM/3YHTQOCUL/w0OZHR0lpKeGrxotcHWcqNEdnltqFwXVfhEBQ94eIo34AfQpo0rGki4cyIiftY06h2Fg==}
    engines: {node: 6.* || 8.* || >= 10.*}

  get-east-asian-width@1.6.0:
    resolution: {integrity: sha512-QRbvDIbx6YklUe6RxeTeleMR0yv3cYH6PsPZHcnVn7xv7zO1BHN8r0XETu8n6Ye3Q+ahtSarc3WgtNWmehIBfA==}
    engines: {node: '>=18'}

  glob@7.2.3:
    resolution: {integrity: sha512-nFR0zLpU2YCaRxwoCJvL6UvCH2JFyFVIvwTLsIf21AuHlMskA1hhTdk+LlYJtOlYt9v6dvszD2BGRqBL+iQK9Q==}
    deprecated: Old versions of glob are not supported, and contain widely publicized security vulnerabilities, which have been fixed in the current version. Please update. Support for old versions may be purchased (at exorbitant rates) by contacting i@izs.me

  global-directory@5.0.0:
    resolution: {integrity: sha512-1pgFdhK3J2LeM+dVf2Pd424yHx2ou338lC0ErNP2hPx4j8eW1Sp0XqSjNxtk6Tc4Kr5wlWtSvz8cn2yb7/SG/w==}
    engines: {node: '>=20'}

  hasown@2.0.4:
    resolution: {integrity: sha512-T2UbfbBEF32wiepXIsMlTW9+dDYC6wMh/t/vYA4tuOMKqWz/n3vr1NFSxQiyP+zk2mXsoMA/i/7qV6LKut1t1A==}
    engines: {node: '>= 0.4'}

  husky@9.1.7:
    resolution: {integrity: sha512-5gs5ytaNjBrh5Ow3zrvdUUY+0VxIuWVL4i9irt6friV+BqdCfmV11CQTWMiBYWHbXhco+J1kHfTOUkePhCDvMA==}
    engines: {node: '>=18'}
    hasBin: true

  import-fresh@3.3.1:
    resolution: {integrity: sha512-TR3KfrTZTYLPB6jUjfx6MF9WcWrHL9su5TObK4ZkYgBdWKPOFoSoQIdEuTuR82pmtxH2spWG9h6etwfr1pLBqQ==}
    engines: {node: '>=6'}

  inflight@1.0.6:
    resolution: {integrity: sha512-k92I/b08q4wvFscXCLvqfsHCrjrF7yiXsQuIVvVE7N82W3+aqpzuUdBbfhWcy/FZR3/4IgflMgKLOsvPDrGCJA==}
    deprecated: This module is not supported, and leaks memory. Do not use it. Check out lru-cache if you want a good and tested way to coalesce async requests by a key value, which is much more comprehensive and powerful.

  inherits@2.0.4:
    resolution: {integrity: sha512-k/vGaX4/Yla3WzyMCvTQOXYeIHvqOKtnqBduzTHpzpQZzAskKMhZ2K+EnBiSM9zGSoIFeMpXKxa4dYeZIQqewQ==}

  ini@6.0.0:
    resolution: {integrity: sha512-IBTdIkzZNOpqm7q3dRqJvMaldXjDHWkEDfrwGEQTs5eaQMWV+djAhR+wahyNNMAa+qpbDUhBMVt4ZKNwpPm7xQ==}
    engines: {node: ^20.17.0 || >=22.9.0}

  is-arrayish@0.2.1:
    resolution: {integrity: sha512-zz06S8t0ozoDXMG+ube26zeCTNXcKIPJZJi8hBrF4idCLms4CG9QtK7qBl1boi5ODzFpjswb5JPmHCbMpjaYzg==}

  is-core-module@2.16.2:
    resolution: {integrity: sha512-evOr8xfXKxE6qSR0hSXL2r3sd7ALj8+7jQEUvPYcm5sgZFdJ+AYzT6yNmJenvIYQBgIGwfwz08sL8zoL7yq2BA==}
    engines: {node: '>= 0.4'}

  is-obj@2.0.0:
    resolution: {integrity: sha512-drqDG3cbczxxEJRoOXcOjtdp1J/lyp1mNn0xaznRs8+muBhgQcrnbspox5X5fOw0HnMnbfDzvnEMEtqDEJEo8w==}
    engines: {node: '>=8'}

  is-plain-obj@4.1.0:
    resolution: {integrity: sha512-+Pgi+vMuUNkJyExiMBt5IlFoMyKnr5zhJ4Uspz58WOhBF5QoIZkFyNHIbBAtHwzVAgk5RtndVNsDRN61/mmDqg==}
    engines: {node: '>=12'}

  jiti@2.6.1:
    resolution: {integrity: sha512-ekilCSN1jwRvIbgeg/57YFh8qQDNbwDb9xT/qu2DAHbFFZUicIl4ygVaAvzveMhMVr3LnpSKTNnwt8PoOfmKhQ==}
    hasBin: true

  js-tokens@4.0.0:
    resolution: {integrity: sha512-RdJUflcE3cUzKiMqQgsCu06FPu9UdIJO0beYbPhHN4k6apgJtifcoCtT9bcxOpYBtpD2kCM6Sbzg4CausW/PKQ==}

  js-yaml@4.3.2:
    resolution: {integrity: sha512-SFNOvSJ+Dgf/9An904Yx+CgSlIPCkIpao4qo51lpee25TIRejdH3rhR4EZMGoNx3/TP3O+wzWuiTFl4sqbltzA==}
    hasBin: true

  json-parse-even-better-errors@2.3.1:
    resolution: {integrity: sha512-xyFwyhro/JEof6Ghe2iz2NcXoj2sloNsWr/XsERDK/oiPCfaNhl5ONfp+jQdAZRQQ0IJWNzH9zIZF7li91kh2w==}

  json-schema-traverse@1.0.0:
    resolution: {integrity: sha512-NM8/P9n3XjXhIZn1lLhkFaACTOURQXjWhV4BA/RnOv8xvgqtqpAX9IO4mRQxSx1Rlo4tqzeqb0sOlruaOy3dug==}

  lines-and-columns@1.2.4:
    resolution: {integrity: sha512-7ylylesZQ/PV29jhEDl3Ufjo6ZX7gCqJr5F7PKrqc93v7fzSymt1BpwEU8nAUXs8qzzvqhbjhK5QZg6Mt/HkBg==}

  linguist-languages@8.2.0:
    resolution: {integrity: sha512-KCUUH9x97QWYU0SXOCGxUrZR6cSfuQrMhABB7L/0I8N0LXOeaKe7+RZs7FAwvWCV2qKfZ4Wv1luLq4OfMezSJg==}

  lint-staged@17.4.1:
    resolution: {integrity: sha512-FmJeudcalbSfg1du+JCfvi5vS6Qt08KgbfLWiHinbef+2JJwUZwAWVoaO1AcJVUTWPfk0t30PMQNwPAeCzYQ+Q==}
    engines: {node: '>=22.22.1'}
    hasBin: true

  minimatch@3.1.5:
    resolution: {integrity: sha512-VgjWUsnnT6n+NUk6eZq77zeFdpW2LWDzP6zFGrCbHXiYNul5Dzqk2HHQ5uFH2DNW5Xbp8+jVzaeNt94ssEEl4w==}

  once@1.4.0:
    resolution: {integrity: sha512-lNaJgI+2Q5URQBkccEKHTQOPaXdUxnZZElQTZY0MFUAuaEqe1E+Nyvgdz/aIyNi6Z9MzO5dv1H8n58/GELp3+w==}

  parent-module@1.0.1:
    resolution: {integrity: sha512-GQ2EWRpQV8/o+Aw8YqtfZZPfNRWZYkbidE9k5rpl/hC3vtHHBfGm2Ifi6qWV+coDGkrUKZAxE3Lot5kcsRlh+g==}
    engines: {node: '>=6'}

  parse-json@5.2.0:
    resolution: {integrity: sha512-ayCKvm/phCGxOkYRSCM82iDwct8/EonSEgCSxWxD7ve6jHggsFl4fZVQBPRNgQoKiuV/odhFrGzQXZwbifC8Rg==}
    engines: {node: '>=8'}

  path-is-absolute@1.0.1:
    resolution: {integrity: sha512-AVbw3UJ2e9bq64vSaS9Am0fje1Pa8pbGqTTsmXfaIiMpnr5DlDhfJOuLj9Sf95ZPVDAUerDfEk88MPmPe7UCQg==}
    engines: {node: '>=0.10.0'}

  path-parse@1.0.7:
    resolution: {integrity: sha512-LDJzPVEEEPR+y48z93A0Ed0yXb8pAByGWo/k5YYdYgpY2/2EsOsksJrq7lOHxryrVOn1ejG6oAp8ahvOIQD8sw==}

  php-parser@3.7.0:
    resolution: {integrity: sha512-JRc1t78GZAEa+MuzVC5A5RJS1NDFTS4UnprUEu/NnsN9cyHbGZLUqghO9IQZUSCay62HYQiWd3PxyWAEF45zmA==}

  picocolors@1.1.1:
    resolution: {integrity: sha512-xceH2snhtb5M9liqDsmEw56le376mTZkEX/jEb/RxNFyegNul7eNslCXP9FDj/Lcu0X8KEyMceP2ntpaHrDEVA==}

  picomatch@4.0.7:
    resolution: {integrity: sha512-qcJu88Q2IWqJsDD529JKMdwGm/dvInW4HvQnRwiH9JtihJvzGOscDtHE3x1pBKeUOTysQ8kVmLnJ2kJu7yhcGA==}
    engines: {node: '>=12'}

  prettier-plugin-sql-cst@0.22.1:
    resolution: {integrity: sha512-QEJnqIZ+KRykv+SzZmjwkQ+6qA5Xen+xyvNsMi9shCVqRVOyzz6t51pANy91ih9bZL9cmXAaBgmXp2bOMtZCpg==}

  prettier@3.9.6:
    resolution: {integrity: sha512-OpN0zzVdiaiAhxpuuj5efpIS4sY9j7bY6uR5mnj5yPzGkdkjNKSJeUThPb60Jw29QuAZgA4o+/iB49kFiaBX6g==}
    engines: {node: '>=14'}
    hasBin: true

  require-from-string@2.0.2:
    resolution: {integrity: sha512-Xf0nWe6RseziFMu+Ap9biiUbmplq6S9/p+7w7YXP/JBHhrUDDUhwa+vANyubuqfZWTveU//DYVGsDG7RKL/vEw==}
    engines: {node: '>=0.10.0'}

  resolve-from@4.0.0:
    resolution: {integrity: sha512-pb/MYmXstAkysRFx8piNI1tGFNQIFA3vkE3Gq4EuA1dF6gHp/+vgZqsCGJapvy8N3Q+4o7FwvquPJcnZ7RYy4g==}
    engines: {node: '>=4'}

  resolve-from@5.0.0:
    resolution: {integrity: sha512-qYg9KP24dD5qka9J47d0aVky0N+b4fTU89LN9iDnjB5waksiC49rvMB0PrUJQGoTmH50XPiqOvAjDfaijGxYZw==}
    engines: {node: '>=8'}

  resolve@1.22.12:
    resolution: {integrity: sha512-TyeJ1zif53BPfHootBGwPRYT1RUt6oGWsaQr8UyZW/eAm9bKoijtvruSDEmZHm92CwS9nj7/fWttqPCgzep8CA==}
    engines: {node: '>= 0.4'}
    hasBin: true

  semver@7.8.5:
    resolution: {integrity: sha512-Y7/KDsb8LjooZpwaqGyulO6DQlksgCncchHGk+sZIY4SBvUocMBEFH5Ur1fI4dV+Jvl0w6cjvucaIi40puRioA==}
    engines: {node: '>=10'}
    hasBin: true

  sql-parser-cst@0.42.1:
    resolution: {integrity: sha512-lfpuhl60s2IRIxWCARthbBvXb2NBLOsVZxzaQLBDDgEZAmT8QYzRWD3qfFX2egZ5y0BYVur7DAQEJSrXxs1WKQ==}

  string-argv@0.3.2:
    resolution: {integrity: sha512-aqD2Q0144Z+/RqG52NeHEkZauTAUWJO8c6yTftGJKO3Tja5tUgIfmIl6kExvhtxSDP7fXB6DvzkfMpCd/F3G+Q==}
    engines: {node: '>=0.6.19'}

  string-width@7.2.0:
    resolution: {integrity: sha512-tsaTIkKW9b4N+AEj+SVA+WhJzV7/zMhcSu78mLKWSk7cXMOSHsBKFWUs0fWwq8QyK3MgJBQRX6Gbi4kYbdvGkQ==}
    engines: {node: '>=18'}

  string-width@8.2.2:
    resolution: {integrity: sha512-GaPUh5gfdrYzqeVNZvUfT23vYYxXzKYidUcnMtJg/3rxRV63EFZy3k6xfKlmfeJD0176lnUV/Usr3XcwSvFzpg==}
    engines: {node: '>=20'}

  strip-ansi@7.2.0:
    resolution: {integrity: sha512-yDPMNjp4WyfYBkHnjIRLfca1i6KMyGCtsVgoKe/z1+6vukgaENdgGBZt+ZmKPc4gavvEZ5OgHfHdrazhgNyG7w==}
    engines: {node: '>=12'}

  supports-preserve-symlinks-flag@1.0.0:
    resolution: {integrity: sha512-ot0WnXS9fgdkgIcePe6RHNk1WA8+muPa6cSjeR3V8K27q9BB1rTE3R1p7Hv0z1ZyAc8s6Vvv8DIyWf681MAt0w==}
    engines: {node: '>= 0.4'}

  tinyexec@1.3.0:
    resolution: {integrity: sha512-QKAl9m8gWWGHV8jZcPeym6j+XULi6tOf1mT83WYJ4Lk2ytW/uwAWkrP0uFsdoYMdueVJ0qs26wZ+23xeB4ibNQ==}
    engines: {node: '>=18'}

  typescript@7.0.2:
    resolution: {integrity: sha512-8FYau96o3NKOhbjKi/qNvG/W5jhzxkbdm5sj9AbZ/5T5sWqn3hJgLfGx27sRKZWTvyzCP8dLRBTf5tBTSRVUNA==}
    engines: {node: '>=16.20.0'}
    hasBin: true

  undici-types@8.3.0:
    resolution: {integrity: sha512-j375ScV60dom+YkPFIfTLcOiPxkN/buHz5GobjLhixFuANaNs3C9l4GmrWqejgXWJ7BbJcFYpTEUkS1Ge8bpZQ==}

  wrap-ansi@9.0.2:
    resolution: {integrity: sha512-42AtmgqjV+X1VpdOfyTGOYRi0/zsoLqtXQckTmqTeybT+BDIbM/Guxo7x3pE2vtpr1ok6xRqM9OpBe+Jyoqyww==}
    engines: {node: '>=18'}

  wrappy@1.0.2:
    resolution: {integrity: sha512-l4Sp/DRseor9wL6EvV2+TuQn63dMkPjZ/sp9XkghTEbV9KlPS1xUsZ3u7/IQO4wxtcFB4bgpQPRcR3QCvezPcQ==}

  y18n@5.0.8:
    resolution: {integrity: sha512-0pfFzegeDWJHJIAmTLRP2DwHjdF5s7jo9tuztdQxAhINCdvS+3nGINqPd00AphqJR/0LhANUS6/+7SCb98YOfA==}
    engines: {node: '>=10'}

  yaml@2.9.0:
    resolution: {integrity: sha512-2AvhNX3mb8zd6Zy7INTtSpl1F15HW6Wnqj0srWlkKLcpYl/gMIMJiyuGq2KeI2YFxUPjdlB+3Lc10seMLtL4cA==}
    engines: {node: '>= 14.6'}
    hasBin: true

  yargs-parser@22.0.0:
    resolution: {integrity: sha512-rwu/ClNdSMpkSrUb+d6BRsSkLUq1fmfsY6TOpYzTwvwkg1/NRG85KBy3kq++A8LKQwX6lsu+aWad+2khvuXrqw==}
    engines: {node: ^20.19.0 || ^22.12.0 || >=23}

  yargs@18.1.0:
    resolution: {integrity: sha512-2rAgRKu54VsHkqI0/tYkmluGXHD4KW7yZoycuqDQ15QOTnc2VVfy0nN/1eMhnQLO00A+dwtK20xuCnc1YGeUyg==}
    engines: {node: ^20.19.0 || ^22.12.0 || >=23}

snapshots:

  '@babel/code-frame@7.29.7':
    dependencies:
      '@babel/helper-validator-identifier': 7.29.7
      js-tokens: 4.0.0
      picocolors: 1.1.1

  '@babel/helper-validator-identifier@7.29.7': {}

  '@commitlint/cli@21.2.2(@types/node@26.4.0)(conventional-commits-parser@7.1.2)(typescript@7.0.2)':
    dependencies:
      '@commitlint/config-conventional': 21.2.2
      '@commitlint/format': 21.2.2
      '@commitlint/lint': 21.2.2
      '@commitlint/load': 21.2.2(@types/node@26.4.0)(typescript@7.0.2)
      '@commitlint/read': 21.2.1(conventional-commits-parser@7.1.2)
      '@commitlint/types': 21.2.0
      tinyexec: 1.3.0
      yargs: 18.1.0
    transitivePeerDependencies:
      - '@types/node'
      - conventional-commits-filter
      - conventional-commits-parser
      - typescript

  '@commitlint/config-conventional@19.8.1':
    dependencies:
      '@commitlint/types': 19.8.1
      conventional-changelog-conventionalcommits: 7.0.2

  '@commitlint/config-conventional@21.2.2':
    dependencies:
      '@commitlint/types': 21.2.0
      conventional-changelog-conventionalcommits: 10.4.0

  '@commitlint/config-validator@21.2.0':
    dependencies:
      '@commitlint/types': 21.2.0
      ajv: 8.20.0

  '@commitlint/ensure@21.2.0':
    dependencies:
      '@commitlint/types': 21.2.0
      es-toolkit: 1.52.0

  '@commitlint/execute-rule@21.0.1': {}

  '@commitlint/format@21.2.2':
    dependencies:
      '@commitlint/types': 21.2.0
      picocolors: 1.1.1

  '@commitlint/is-ignored@21.2.2':
    dependencies:
      '@commitlint/types': 21.2.0
      semver: 7.8.5

  '@commitlint/lint@21.2.2':
    dependencies:
      '@commitlint/is-ignored': 21.2.2
      '@commitlint/parse': 21.2.2
      '@commitlint/rules': 21.2.2
      '@commitlint/types': 21.2.0

  '@commitlint/load@21.2.2(@types/node@26.4.0)(typescript@7.0.2)':
    dependencies:
      '@commitlint/config-validator': 21.2.0
      '@commitlint/execute-rule': 21.0.1
      '@commitlint/resolve-extends': 21.2.2
      '@commitlint/types': 21.2.0
      cosmiconfig: 9.0.2(typescript@7.0.2)
      cosmiconfig-typescript-loader: 6.3.0(@types/node@26.4.0)(cosmiconfig@9.0.2(typescript@7.0.2))(typescript@7.0.2)
      es-toolkit: 1.52.0
      is-plain-obj: 4.1.0
      picocolors: 1.1.1
    transitivePeerDependencies:
      - '@types/node'
      - typescript

  '@commitlint/message@21.2.0': {}

  '@commitlint/parse@21.2.2':
    dependencies:
      '@commitlint/types': 21.2.0
      conventional-changelog-angular: 9.4.0
      conventional-commits-parser: 7.1.2

  '@commitlint/read@21.2.1(conventional-commits-parser@7.1.2)':
    dependencies:
      '@commitlint/top-level': 21.2.0
      '@commitlint/types': 21.2.0
      '@conventional-changelog/git-client': 3.1.2(conventional-commits-parser@7.1.2)
      tinyexec: 1.3.0
    transitivePeerDependencies:
      - conventional-commits-filter
      - conventional-commits-parser

  '@commitlint/resolve-extends@21.2.2':
    dependencies:
      '@commitlint/config-validator': 21.2.0
      '@commitlint/types': 21.2.0
      es-toolkit: 1.52.0
      global-directory: 5.0.0
      resolve-from: 5.0.0

  '@commitlint/rules@21.2.2':
    dependencies:
      '@commitlint/ensure': 21.2.0
      '@commitlint/message': 21.2.0
      '@commitlint/to-lines': 21.0.1
      '@commitlint/types': 21.2.0

  '@commitlint/to-lines@21.0.1': {}

  '@commitlint/top-level@21.2.0':
    dependencies:
      escalade: 3.2.0

  '@commitlint/types@19.8.1':
    dependencies:
      '@types/conventional-commits-parser': 5.0.2
      chalk: 5.6.2

  '@commitlint/types@21.2.0':
    dependencies:
      conventional-commits-parser: 7.1.2
      picocolors: 1.1.1

  '@conventional-changelog/git-client@3.1.2(conventional-commits-parser@7.1.2)':
    dependencies:
      '@simple-libs/child-process-utils': 2.0.0
      '@simple-libs/stream-utils': 2.0.0
      semver: 7.8.5
    optionalDependencies:
      conventional-commits-parser: 7.1.2

  '@conventional-changelog/template@1.4.0': {}

  '@prettier/plugin-php@0.25.0(prettier@3.9.6)':
    dependencies:
      linguist-languages: 8.2.0
      php-parser: 3.7.0
      prettier: 3.9.6

  '@simple-libs/child-process-utils@2.0.0':
    dependencies:
      '@simple-libs/stream-utils': 2.0.0

  '@simple-libs/stream-utils@2.0.0': {}

  '@types/conventional-commits-parser@5.0.2':
    dependencies:
      '@types/node': 26.4.0

  '@types/node@26.4.0':
    dependencies:
      undici-types: 8.3.0

  '@typescript/typescript-aix-ppc64@7.0.2':
    optional: true

  '@typescript/typescript-darwin-arm64@7.0.2':
    optional: true

  '@typescript/typescript-darwin-x64@7.0.2':
    optional: true

  '@typescript/typescript-freebsd-arm64@7.0.2':
    optional: true

  '@typescript/typescript-freebsd-x64@7.0.2':
    optional: true

  '@typescript/typescript-linux-arm64@7.0.2':
    optional: true

  '@typescript/typescript-linux-arm@7.0.2':
    optional: true

  '@typescript/typescript-linux-loong64@7.0.2':
    optional: true

  '@typescript/typescript-linux-mips64el@7.0.2':
    optional: true

  '@typescript/typescript-linux-ppc64@7.0.2':
    optional: true

  '@typescript/typescript-linux-riscv64@7.0.2':
    optional: true

  '@typescript/typescript-linux-s390x@7.0.2':
    optional: true

  '@typescript/typescript-linux-x64@7.0.2':
    optional: true

  '@typescript/typescript-netbsd-arm64@7.0.2':
    optional: true

  '@typescript/typescript-netbsd-x64@7.0.2':
    optional: true

  '@typescript/typescript-openbsd-arm64@7.0.2':
    optional: true

  '@typescript/typescript-openbsd-x64@7.0.2':
    optional: true

  '@typescript/typescript-sunos-x64@7.0.2':
    optional: true

  '@typescript/typescript-win32-arm64@7.0.2':
    optional: true

  '@typescript/typescript-win32-x64@7.0.2':
    optional: true

  ajv@8.20.0:
    dependencies:
      fast-deep-equal: 3.1.3
      fast-uri: 3.1.6
      json-schema-traverse: 1.0.0
      require-from-string: 2.0.2

  ansi-regex@6.3.0: {}

  ansi-styles@6.2.3: {}

  argparse@2.0.1: {}

  argue-cli@3.1.0: {}

  array-ify@1.0.0: {}

  async@3.2.6: {}

  balanced-match@1.0.2: {}

  brace-expansion@1.1.18:
    dependencies:
      balanced-match: 1.0.2
      concat-map: 0.0.1

  callsites@3.1.0: {}

  chalk@5.6.2: {}

  clang-format@1.8.0:
    dependencies:
      async: 3.2.6
      glob: 7.2.3
      resolve: 1.22.12

  cliui@9.0.1:
    dependencies:
      string-width: 7.2.0
      strip-ansi: 7.2.0
      wrap-ansi: 9.0.2

  compare-func@2.0.0:
    dependencies:
      array-ify: 1.0.0
      dot-prop: 5.3.0

  concat-map@0.0.1: {}

  conventional-changelog-angular@9.4.0:
    dependencies:
      '@conventional-changelog/template': 1.4.0

  conventional-changelog-conventionalcommits@10.4.0:
    dependencies:
      '@conventional-changelog/template': 1.4.0

  conventional-changelog-conventionalcommits@7.0.2:
    dependencies:
      compare-func: 2.0.0

  conventional-commits-parser@7.1.2:
    dependencies:
      '@simple-libs/stream-utils': 2.0.0
      argue-cli: 3.1.0

  cosmiconfig-typescript-loader@6.3.0(@types/node@26.4.0)(cosmiconfig@9.0.2(typescript@7.0.2))(typescript@7.0.2):
    dependencies:
      '@types/node': 26.4.0
      cosmiconfig: 9.0.2(typescript@7.0.2)
      jiti: 2.6.1
      typescript: 7.0.2

  cosmiconfig@9.0.2(typescript@7.0.2):
    dependencies:
      env-paths: 2.2.1
      import-fresh: 3.3.1
      js-yaml: 4.3.2
      parse-json: 5.2.0
    optionalDependencies:
      typescript: 7.0.2

  dot-prop@5.3.0:
    dependencies:
      is-obj: 2.0.0

  emoji-regex@10.6.0: {}

  env-paths@2.2.1: {}

  error-ex@1.3.4:
    dependencies:
      is-arrayish: 0.2.1

  es-errors@1.3.0: {}

  es-toolkit@1.52.0: {}

  escalade@3.2.0: {}

  fast-deep-equal@3.1.3: {}

  fast-uri@3.1.6: {}

  fs.realpath@1.0.0: {}

  function-bind@1.1.2: {}

  get-caller-file@2.0.5: {}

  get-east-asian-width@1.6.0: {}

  glob@7.2.3:
    dependencies:
      fs.realpath: 1.0.0
      inflight: 1.0.6
      inherits: 2.0.4
      minimatch: 3.1.5
      once: 1.4.0
      path-is-absolute: 1.0.1

  global-directory@5.0.0:
    dependencies:
      ini: 6.0.0

  hasown@2.0.4:
    dependencies:
      function-bind: 1.1.2

  husky@9.1.7: {}

  import-fresh@3.3.1:
    dependencies:
      parent-module: 1.0.1
      resolve-from: 4.0.0

  inflight@1.0.6:
    dependencies:
      once: 1.4.0
      wrappy: 1.0.2

  inherits@2.0.4: {}

  ini@6.0.0: {}

  is-arrayish@0.2.1: {}

  is-core-module@2.16.2:
    dependencies:
      hasown: 2.0.4

  is-obj@2.0.0: {}

  is-plain-obj@4.1.0: {}

  jiti@2.6.1: {}

  js-tokens@4.0.0: {}

  js-yaml@4.3.2:
    dependencies:
      argparse: 2.0.1

  json-parse-even-better-errors@2.3.1: {}

  json-schema-traverse@1.0.0: {}

  lines-and-columns@1.2.4: {}

  linguist-languages@8.2.0: {}

  lint-staged@17.4.1:
    dependencies:
      picomatch: 4.0.7
      string-argv: 0.3.2
      tinyexec: 1.3.0
    optionalDependencies:
      yaml: 2.9.0

  minimatch@3.1.5:
    dependencies:
      brace-expansion: 1.1.18

  once@1.4.0:
    dependencies:
      wrappy: 1.0.2

  parent-module@1.0.1:
    dependencies:
      callsites: 3.1.0

  parse-json@5.2.0:
    dependencies:
      '@babel/code-frame': 7.29.7
      error-ex: 1.3.4
      json-parse-even-better-errors: 2.3.1
      lines-and-columns: 1.2.4

  path-is-absolute@1.0.1: {}

  path-parse@1.0.7: {}

  php-parser@3.7.0: {}

  picocolors@1.1.1: {}

  picomatch@4.0.7: {}

  prettier-plugin-sql-cst@0.22.1:
    dependencies:
      prettier: 3.9.6
      sql-parser-cst: 0.42.1

  prettier@3.9.6: {}

  require-from-string@2.0.2: {}

  resolve-from@4.0.0: {}

  resolve-from@5.0.0: {}

  resolve@1.22.12:
    dependencies:
      es-errors: 1.3.0
      is-core-module: 2.16.2
      path-parse: 1.0.7
      supports-preserve-symlinks-flag: 1.0.0

  semver@7.8.5: {}

  sql-parser-cst@0.42.1: {}

  string-argv@0.3.2: {}

  string-width@7.2.0:
    dependencies:
      emoji-regex: 10.6.0
      get-east-asian-width: 1.6.0
      strip-ansi: 7.2.0

  string-width@8.2.2:
    dependencies:
      get-east-asian-width: 1.6.0
      strip-ansi: 7.2.0

  strip-ansi@7.2.0:
    dependencies:
      ansi-regex: 6.3.0

  supports-preserve-symlinks-flag@1.0.0: {}

  tinyexec@1.3.0: {}

  typescript@7.0.2:
    optionalDependencies:
      '@typescript/typescript-aix-ppc64': 7.0.2
      '@typescript/typescript-darwin-arm64': 7.0.2
      '@typescript/typescript-darwin-x64': 7.0.2
      '@typescript/typescript-freebsd-arm64': 7.0.2
      '@typescript/typescript-freebsd-x64': 7.0.2
      '@typescript/typescript-linux-arm': 7.0.2
      '@typescript/typescript-linux-arm64': 7.0.2
      '@typescript/typescript-linux-loong64': 7.0.2
      '@typescript/typescript-linux-mips64el': 7.0.2
      '@typescript/typescript-linux-ppc64': 7.0.2
      '@typescript/typescript-linux-riscv64': 7.0.2
      '@typescript/typescript-linux-s390x': 7.0.2
      '@typescript/typescript-linux-x64': 7.0.2
      '@typescript/typescript-netbsd-arm64': 7.0.2
      '@typescript/typescript-netbsd-x64': 7.0.2
      '@typescript/typescript-openbsd-arm64': 7.0.2
      '@typescript/typescript-openbsd-x64': 7.0.2
      '@typescript/typescript-sunos-x64': 7.0.2
      '@typescript/typescript-win32-arm64': 7.0.2
      '@typescript/typescript-win32-x64': 7.0.2

  undici-types@8.3.0: {}

  wrap-ansi@9.0.2:
    dependencies:
      ansi-styles: 6.2.3
      string-width: 7.2.0
      strip-ansi: 7.2.0

  wrappy@1.0.2: {}

  y18n@5.0.8: {}

  yaml@2.9.0:
    optional: true

  yargs-parser@22.0.0: {}

  yargs@18.1.0:
    dependencies:
      cliui: 9.0.1
      escalade: 3.2.0
      get-caller-file: 2.0.5
      string-width: 8.2.2
      y18n: 5.0.8
      yargs-parser: 22.0.0
